
Microsoft Visual Studio Solution File, Format Version 12.00
# Visual Studio Version 17
VisualStudioVersion = 17.13.35919.96 d17.13
MinimumVisualStudioVersion = 10.0.40219.1
Project("{FAE04EC0-301F-11D3-BF4B-00C04F79EFBC}") = "SudokuSolver", "SudokuSolver\SudokuSolver.csproj", "{92614189-8883-4271-8B5B-180113E78A77}"
EndProject
Global
	GlobalSection(SolutionConfigurationPlatforms) = preSolution
		Debug|Any CPU = Debug|Any CPU
		Release|Any CPU = Release|Any CPU
	EndGlobalSection
	GlobalSection(ProjectConfigurationPlatforms) = postSolution
		{92614189-8883-4271-8B5B-180113E78A77}.Debug|Any CPU.ActiveCfg = Debug|Any CPU
		{92614189-8883-4271-8B5B-180113E78A77}.Debug|Any CPU.Build.0 = Debug|Any CPU
		{92614189-8883-4271-8B5B-180113E78A77}.Release|Any CPU.ActiveCfg = Release|Any CPU
		{92614189-8883-4271-8B5B-180113E78A77}.Release|Any CPU.Build.0 = Release|Any CPU
	EndGlobalSection
	GlobalSection(SolutionProperties) = preSolution
		HideSolutionNode = FALSE
	EndGlobalSection
	GlobalSection(ExtensibilityGlobals) = postSolution
		SolutionGuid = {B829F2E7-5000-444A-8AB8-C799A306A633}
	EndGlobalSection
EndGlobal
